
Microsoft Visual Studio Solution File, Format Version 12.00
# Visual Studio Version 16
VisualStudioVersion = 16.0.31019.35
MinimumVisualStudioVersion = 10.0.40219.1
Project("{FAE04EC0-301F-11D3-BF4B-00C04F79EFBC}") = "StakeGambling", "StakeGambling\StakeGambling.csproj", "{4DECD0F2-63D1-4720-A171-32254122B120}"
EndProject
Global
	GlobalSection(SolutionConfigurationPlatforms) = preSolution
		Debug|Any CPU = Debug|Any CPU
		Release|Any CPU = Release|Any CPU
	EndGlobalSection
	GlobalSection(ProjectConfigurationPlatforms) = postSolution
		{4DECD0F2-63D1-4720-A171-32254122B120}.Debug|Any CPU.ActiveCfg = Debug|Any CPU
		{4DECD0F2-63D1-4720-A171-32254122B120}.Debug|Any CPU.Build.0 = Debug|Any CPU
		{4DECD0F2-63D1-4720-A171-32254122B120}.Release|Any CPU.ActiveCfg = Release|Any CPU
		{4DECD0F2-63D1-4720-A171-32254122B120}.Release|Any CPU.Build.0 = Release|Any CPU
	EndGlobalSection
	GlobalSection(SolutionProperties) = preSolution
		HideSolutionNode = FALSE
	EndGlobalSection
	GlobalSection(ExtensibilityGlobals) = postSolution
		SolutionGuid = {3BE7FA9F-A7F0-4576-A1F0-87F4AB36FFEA}
	EndGlobalSection
EndGlobal
